github.com/DATA-DOG/go-sqlmock v1.3.3/go.mod h1:f/Ixk793poVmq4qj/V1dPUg2JEAKC73Q5eFN3EC/SaM=
github.com/d4l3k/messagediff v1.2.2-0.20190829033028-7e0a312ae40b/go.mod h1:Oozbb1TVXFac9FtSIxHBMnBCq2qeH/2KkEQxENCrlLo=
github.com/davecgh/go-spew v1.1.0 h1:ZDRjVQ15GmhC3fiQ8ni8+OwkZQO4DARzQgrnXU1Liz8=
github.com/davecgh/go-spew v1.1.0/go.mod h1:J7Y8YcW2NihsgmVo/mv3lAwl/skON4iLHjSsI+c5H38=
github.com/faiface/beep v1.1.0 h1:A2gWP6xf5Rh7RG/p9/VAW2jRSDEGQm5sbOb38sf5d4c=
github.com/faiface/beep v1.1.0/go.mod h1:6I8p6kK2q4opL/eWb+kAkk38ehnTunWeToJB+s51sT4=
github.com/faiface/glhf v0.0.0-20181018222622-82a6317ac380 h1:FvZ0mIGh6b3kOITxUnxS3tLZMh7yEoHo75v3/AgUqg0=
github.com/faiface/glhf v0.0.0-20181018222622-82a6317ac380/go.mod h1:zqnPFFIuYFFxl7uH2gYByJwIVKG7fRqlqQCbzAnHs9g=
github.com/faiface/glhf v0.0.0-20231008131257-c8034b63022b h1:nakaHoSKM7nNucpdFldbadZPFlwjygqgNbfr6y49yQA=
github.com/faiface/glhf v0.0.0-20231008131257-c8034b63022b/go.mod h1:dDdUO+G9ZnJ9sc8nIUvhLkE45k8PEKW6+A3TdWsfpV0=
github.com/faiface/mainthread v0.0.0-20171120011319-8b78f0a41ae3 h1:baVdMKlASEHrj19iqjARrPbaRisD7EuZEVJj6ZMLl1Q=
github.com/faiface/mainthread v0.0.0-20171120011319-8b78f0a41ae3/go.mod h1:VEPNJUlxl5KdWjDvz6Q1l+rJlxF2i6xqDeGuGAxa87M=
github.com/faiface/pixel v0.10.0 h1:EHm3ZdQw2Ck4y51cZqFfqQpwLqNHOoXwbNEc9Dijql0=
github.com/faiface/pixel v0.10.0/go.mod h1:lU0YYcW77vL0F1CG8oX51GXurymL45MXd57otHNLK7A=
github.com/gdamore/encoding v1.0.0/go.mod h1:alR0ol34c49FCSBLjhosxzcPHQbf2trDkoo5dl+VrEg=
github.com/gdamore/tcell v1.3.0/go.mod h1:Hjvr+Ofd+gLglo7RYKxxnzCBmev3BzsS67MebKS4zMM=
github.com/go-audio/audio v1.0.0/go.mod h1:6uAu0+H2lHkwdGsAY+j2wHPNPpPoeg5AaEFh9FlA+Zs=
github.com/go-audio/riff v1.0.0/go.mod h1:l3cQwc85y79NQFCRB7TiPoNiaijp6q8Z0Uv38rVG498=
github.com/go-audio/wav v1.0.0/go.mod h1:3yoReyQOsiARkvPl3ERCi8JFjihzG6WhjYpZCf5zAWE=
github.com/go-gl/gl v0.0.0-20190320180904-bf2b1f2f34d7 h1:SCYMcCJ89LjRGwEa0tRluNRiMjZHalQZrVrvTbPh+qw=
github.com/go-gl/gl v0.0.0-20190320180904-bf2b1f2f34d7/go.mod h1:482civXOzJJCPzJ4ZOX/pwvXBWSnzD4OKMdH4ClKGbk=
github.com/go-gl/gl v0.0.0-20210905235341-f7a045908259/go.mod h1:wjpnOv6ONl2SuJSxqCPVaPZibGFdSci9HFocT9qtVYM=
github.com/go-gl/gl v0.0.0-20231021071112-07e5d0ea2e71 h1:5BVwOaUSBTlVZowGO6VZGw2H/zl9nrd3eCZfYV+NfQA=
github.com/go-gl/gl v0.0.0-20231021071112-07e5d0ea2e71/go.mod h1:9YTyiznxEY1fVinfM7RvRcjRHbw2xLBJ3AAGIT0I4Nw=
github.com/go-gl/glfw v0.0.0-20210727001814-0db043d8d5be/go.mod h1:vR7hzQXu2zJy9AVAgeJqvqgH9Q5CA+iKCZ2gyEVpxRU=
github.com/go-gl/glfw/v3.3/glfw v0.0.0-20191125211704-12ad95a8df72 h1:b+9H1GAsx5RsjvDFLoS5zkNBzIQMuVKUYQDmxU3N5XE=
github.com/go-gl/glfw/v3.3/glfw v0.0.0-20191125211704-12ad95a8df72/go.mod h1:tQ2UAYgL5IevRw8kRxooKSPJfGvJ9fJQFa0TUsXzTg8=
github.com/go-gl/glfw/v3.3/glfw v0.0.0-20221017161538-93cebf72946b h1:GgabKamyOYguHqHjSkDACcgoPIz3w0Dis/zJ1wyHHHU=
github.com/go-gl/glfw/v3.3/glfw v0.0.0-20221017161538-93cebf72946b/go.mod h1:tQ2UAYgL5IevRw8kRxooKSPJfGvJ9fJQFa0TUsXzTg8=
github.com/go-gl/glfw/v3.3/glfw v0.0.0-20231102141658-eca20e8abded h1:W0pE6Cn9okp21yrBqVzPDf2NLK6J+i/f6XlqxQJ9iOw=
github.com/go-gl/glfw/v3.3/glfw v0.0.0-20231102141658-eca20e8abded/go.mod h1:tQ2UAYgL5IevRw8kRxooKSPJfGvJ9fJQFa0TUsXzTg8=
github.com/go-gl/glfw/v3.3/glfw v0.0.0-20231117230948-b8b00452e321 h1:YZupvqQgGJlwN5cu1S0Jhxkrd9oPP9YHPub2sJvQXSw=
github.com/go-gl/glfw/v3.3/glfw v0.0.0-20231117230948-b8b00452e321/go.mod h1:tQ2UAYgL5IevRw8kRxooKSPJfGvJ9fJQFa0TUsXzTg8=
github.com/go-gl/glfw/v3.3/glfw v0.0.0-20231124074035-2de0cf0c80af h1:zclgNFqP+NXDgGX2BiDvIonxKIom8j65wQlOyFtyujc=
github.com/go-gl/glfw/v3.3/glfw v0.0.0-20231124074035-2de0cf0c80af/go.mod h1:tQ2UAYgL5IevRw8kRxooKSPJfGvJ9fJQFa0TUsXzTg8=
github.com/go-gl/glfw/v3.3/glfw v0.0.0-20231223183121-56fa3ac82ce7 h1:7tf/0aw5DxRQjr7WaNqgtjidub6v21L2cogKIbMcTYw=
github.com/go-gl/glfw/v3.3/glfw v0.0.0-20231223183121-56fa3ac82ce7/go.mod h1:tQ2UAYgL5IevRw8kRxooKSPJfGvJ9fJQFa0TUsXzTg8=
github.com/go-gl/glfw/v3.3/glfw v0.0.0-20240108052320-294b0144ba39 h1:Fyfrfr+TP8w6ZQ2UXX2Slz8zMCPV/2d4WF78C39zGU0=
github.com/go-gl/glfw/v3.3/glfw v0.0.0-20240108052320-294b0144ba39/go.mod h1:tQ2UAYgL5IevRw8kRxooKSPJfGvJ9fJQFa0TUsXzTg8=
github.com/go-gl/mathgl v0.0.0-20190416160123-c4601bc793c7 h1:THttjeRn1iiz69E875U6gAik8KTWk/JYAHoSVpUxBBI=
github.com/go-gl/mathgl v0.0.0-20190416160123-c4601bc793c7/go.mod h1:yhpkQzEiH9yPyxDUGzkmgScbaBVlhC06qodikEM0ZwQ=
github.com/go-gl/mathgl v1.0.0/go.mod h1:yhpkQzEiH9yPyxDUGzkmgScbaBVlhC06qodikEM0ZwQ=
github.com/go-gl/mathgl v1.1.0 h1:0lzZ+rntPX3/oGrDzYGdowSLC2ky8Osirvf5uAwfIEA=
github.com/go-gl/mathgl v1.1.0/go.mod h1:yhpkQzEiH9yPyxDUGzkmgScbaBVlhC06qodikEM0ZwQ=
github.com/golang/freetype v0.0.0-20170609003504-e2365dfdc4a0 h1:DACJavvAHhabrF08vX0COfcOBJRhZ8lUbR+ZWIs0Y5g=
github.com/golang/freetype v0.0.0-20170609003504-e2365dfdc4a0/go.mod h1:E/TSTwGwJL78qG/PmXZO1EjYhfJinVAhrmmHX6Z8B9k=
github.com/hajimehoshi/go-mp3 v0.3.0 h1:fTM5DXjp/DL2G74HHAs/aBGiS9Tg7wnp+jkU38bHy4g=
github.com/hajimehoshi/go-mp3 v0.3.0/go.mod h1:qMJj/CSDxx6CGHiZeCgbiq2DSUkbK0UbtXShQcnfyMM=
github.com/hajimehoshi/go-mp3 v0.3.4 h1:NUP7pBYH8OguP4diaTZ9wJbUbk3tC0KlfzsEpWmYj68=
github.com/hajimehoshi/go-mp3 v0.3.4/go.mod h1:fRtZraRFcWb0pu7ok0LqyFhCUrPeMsGRSVop0eemFmo=
github.com/hajimehoshi/oto v0.6.1/go.mod h1:0QXGEkbuJRohbJaxr7ZQSxnju7hEhseiPx2hrh6raOI=
github.com/hajimehoshi/oto v0.7.1 h1:I7maFPz5MBCwiutOrz++DLdbr4rTzBsbBuV2VpgU9kk=
github.com/hajimehoshi/oto v0.7.1/go.mod h1:wovJ8WWMfFKvP587mhHgot/MBr4DnNy9m6EepeVGnos=
github.com/hajimehoshi/oto v1.0.1 h1:8AMnq0Yr2YmzaiqTg/k1Yzd6IygUGk2we9nmjgbgPn4=
github.com/hajimehoshi/oto v1.0.1/go.mod h1:wovJ8WWMfFKvP587mhHgot/MBr4DnNy9m6EepeVGnos=
github.com/hajimehoshi/oto/v2 v2.3.1/go.mod h1:seWLbgHH7AyUMYKfKYT9pg7PhUu9/SisyJvNTT+ASQo=
github.com/icza/bitio v1.0.0/go.mod h1:0jGnlLAx8MKMr9VGnn/4YrvZiprkvBelsVIbA9Jjr9A=
github.com/icza/mighty v0.0.0-20180919140131-cfd07d671de6/go.mod h1:xQig96I1VNBDIWGCdTt54nHt6EeI639SmHycLYL7FkA=
github.com/isangeles/burn v0.0.0-20230918152806-719d56b37da7 h1:2L3SMzfeK5wOY+5H32qliVaRYTOamqPRqfqt4L6hYmc=
github.com/isangeles/burn v0.0.0-20230918152806-719d56b37da7/go.mod h1:gJtuSG7KOfMpYmC51/K4v705iMll5kx4NCMatdfMzHU=
github.com/isangeles/burn v0.0.0-20231018142749-e153d075b258 h1:pdNf84u74RS66HXiLtzjpBoFoZyj/02zLH2A73Y9Jo0=
github.com/isangeles/burn v0.0.0-20231018142749-e153d075b258/go.mod h1:xhp1Yc4k+T+ac8aTTb1tI5kJs774oL/3qJqo98Gr5uQ=
github.com/isangeles/burn v0.0.0-20231124134912-e8f86123f77d h1:TU6JnBYqgDrrTyTrgFsafE/lv7civVSyChPRd/eYR6A=
github.com/isangeles/burn v0.0.0-20231124134912-e8f86123f77d/go.mod h1:PGHRJ1lHgRX5wkn1E6Zxd4xXxp+hFcUJpNoV0TUCWKY=
github.com/isangeles/burn v0.0.0-20231211162654-96c6ddd40b4c h1:TSoJVfRGV5JayIEAcdXkmJgv/16qgDX2Ko1/qxEUdgI=
github.com/isangeles/burn v0.0.0-20231211162654-96c6ddd40b4c/go.mod h1:PGHRJ1lHgRX5wkn1E6Zxd4xXxp+hFcUJpNoV0TUCWKY=
github.com/isangeles/fire v0.0.0-20230928174311-3822d0924d61 h1:GO3LAyeTkmlqcPZp0IBKusHEwcc2x3Jq4N88Bev4JQU=
github.com/isangeles/fire v0.0.0-20230928174311-3822d0924d61/go.mod h1:mqukL637ewcHomh59kknbxRL41IR7SbeQgAlEIWwUqc=
github.com/isangeles/fire v0.0.0-20231023180327-2ce567815402 h1:fXznKlmFfakhxYyO3TP/GUP5wFh3TibbGCVOwr426W4=
github.com/isangeles/fire v0.0.0-20231023180327-2ce567815402/go.mod h1:wjE9QdQapuuypvJfmZLfPSyV7fhhKqgZu+3rMcR+whc=
github.com/isangeles/fire v0.0.0-20231030162202-444f1fd7eeba h1:FM/qLqKqsj/lquftJKuLXedzzO5TdoOwxJqrq+7Mklo=
github.com/isangeles/fire v0.0.0-20231030162202-444f1fd7eeba/go.mod h1:wjE9QdQapuuypvJfmZLfPSyV7fhhKqgZu+3rMcR+whc=
github.com/isangeles/fire v0.0.0-20231223171155-4319882955a1 h1:nsV5JXaqR0pIumzCjEkVgRpAWCCOlN/YPJg4KfHHs+w=
github.com/isangeles/fire v0.0.0-20231223171155-4319882955a1/go.mod h1:dIvTUNIJko98uM6ZRyiS6UjD3ypDFiexxl47dR0SRbg=
github.com/isangeles/fire v0.0.0-20231226143838-8079f0b9990b h1:FyHoZBwraLrjTtwNk/KHl1zABUGYJUv6H+3KK8Z1euw=
github.com/isangeles/fire v0.0.0-20231226143838-8079f0b9990b/go.mod h1:wlmjV2CPXUIvbLjhmfz2GfzM9g842kf8bUt6mwGA7BQ=
github.com/isangeles/fire v0.0.0-20240109184739-49c7fce9b0b4 h1:zXbIeQwVbeLh2G1Z+CZavD77qO2CMBuOZ5rWk1669LU=
github.com/isangeles/fire v0.0.0-20240109184739-49c7fce9b0b4/go.mod h1:wlmjV2CPXUIvbLjhmfz2GfzM9g842kf8bUt6mwGA7BQ=
github.com/isangeles/flame v0.0.0-20230927160351-b88c2c79d53a h1:szbxxDWvyHfPeAUeN4DkHUxI+ff7JjJOsaIvDX2wCKY=
github.com/isangeles/flame v0.0.0-20230927160351-b88c2c79d53a/go.mod h1:LvI0xJLcFHGZkUeqKIqn1mpFxF28CZ4Vfn+UFjsAa2M=
github.com/isangeles/flame v0.0.0-20231015135904-f125cc4a161a h1:7/WnFJA3a3asSiUFVAG3/Hh9PH9ZyePfWu1NVB0PV7s=
github.com/isangeles/flame v0.0.0-20231015135904-f125cc4a161a/go.mod h1:LvI0xJLcFHGZkUeqKIqn1mpFxF28CZ4Vfn+UFjsAa2M=
github.com/isangeles/flame v0.0.0-20231103171740-9c39b7177d63 h1:LE/+b5psgdggvBgsdp1Xo0wEzr92olgzHeoIzrMToOU=
github.com/isangeles/flame v0.0.0-20231103171740-9c39b7177d63/go.mod h1:LvI0xJLcFHGZkUeqKIqn1mpFxF28CZ4Vfn+UFjsAa2M=
github.com/isangeles/flame v0.0.0-20231122172702-20f53f7e68e1 h1:okt9ApaDKXf78/hWz7VyTC3y9pYIhauQyX4BhkrBtR0=
github.com/isangeles/flame v0.0.0-20231122172702-20f53f7e68e1/go.mod h1:LvI0xJLcFHGZkUeqKIqn1mpFxF28CZ4Vfn+UFjsAa2M=
github.com/isangeles/flame v0.0.0-20231125104540-ff87fe30bf3f h1:idsSuD/oHdk5+ar9UfR6HFAff7kvZcpaanQmfDr4S+w=
github.com/isangeles/flame v0.0.0-20231125104540-ff87fe30bf3f/go.mod h1:LvI0xJLcFHGZkUeqKIqn1mpFxF28CZ4Vfn+UFjsAa2M=
github.com/isangeles/flame v0.0.0-20231223163317-b4d040d242c7 h1:bCbLbgpRacrObhCOv/WtYqvwT6hF+Ew/jBndVAndEVg=
github.com/isangeles/flame v0.0.0-20231223163317-b4d040d242c7/go.mod h1:LvI0xJLcFHGZkUeqKIqn1mpFxF28CZ4Vfn+UFjsAa2M=
github.com/isangeles/flame v0.0.0-20231224130251-cc2361940191 h1:8zDOdSRAEH3RH8Xnu4B5CETpDVR36cch0WNKbOpBY4M=
github.com/isangeles/flame v0.0.0-20231224130251-cc2361940191/go.mod h1:LvI0xJLcFHGZkUeqKIqn1mpFxF28CZ4Vfn+UFjsAa2M=
github.com/isangeles/ignite v0.0.0-20230621175758-7591e10d8d2c h1:3AMeGTzIFvs57w8+CqXssRc4rKLMWLXPhNLKXNbgNnE=
github.com/isangeles/ignite v0.0.0-20230621175758-7591e10d8d2c/go.mod h1:5cboUynqQ+RaOgpnxR0//idnFYUwWbVUwVRUjGnLLRM=
github.com/isangeles/ignite v0.0.0-20231025123158-ecbb4651f35b h1:wc0y0f6yE/ECTb85OYUpc1cof8akjbSjJexZawVixzE=
github.com/isangeles/ignite v0.0.0-20231025123158-ecbb4651f35b/go.mod h1:EIORgn6gOJpTB7p121TvB6BcIHg4SScioYY34WiMm+c=
github.com/isangeles/ignite v0.0.0-20231109164847-3f21bc6bccac h1:+XUAgG7s+k/PpBVEEhCQLgCaVnBWF3/u9He6vaVENpk=
github.com/isangeles/ignite v0.0.0-20231109164847-3f21bc6bccac/go.mod h1:3KpWMHembt575NtLHsBOZQzPES9ZqaabLIBCoXraPCs=
github.com/isangeles/ignite v0.0.0-20231112140147-4cac47bd8932 h1:LlpGXPZFAu5RvHMyMqu4QnS/NGR+AJgOdFtgUFFELQg=
github.com/isangeles/ignite v0.0.0-20231112140147-4cac47bd8932/go.mod h1:3KpWMHembt575NtLHsBOZQzPES9ZqaabLIBCoXraPCs=
github.com/isangeles/mtk v0.0.0-20230307200355-e359fb73ca5d h1:TSVLKW08g5e+zyjQ1bUpsbwavvssHhE4BZOelsZ5h6M=
github.com/isangeles/mtk v0.0.0-20230307200355-e359fb73ca5d/go.mod h1:oR73qjyPJtVk4v4QUeeEglQtHPHpAu+ScoRaknvhl6I=
github.com/isangeles/stone v0.1.1 h1:wj0BjxzpvqKMXBE5nqAjIOguUTjSDzYLYQvL7nmu40s=
github.com/isangeles/stone v0.1.1/go.mod h1:J3LM7hw38gOl4gaiULM1Vph9fZYAZ/FN/egTNLrCm6M=
github.com/isangeles/tmx v0.0.0-20230925150339-5410bc1b891b h1:TfKHKtfJnlSIe2OZ8QaPLBskYJ5LE7Sf/dVDhDEFZxs=
github.com/isangeles/tmx v0.0.0-20230925150339-5410bc1b891b/go.mod h1:HQTF1Ct50epzMRfRAG8Pg6Fzy84J/w8ZFvR4id62X2g=
github.com/jfreymuth/oggvorbis v1.0.1 h1:NT0eXBgE2WHzu6RT/6zcb2H10Kxj6Fm3PccT0LE6bqw=
github.com/jfreymuth/oggvorbis v1.0.1/go.mod h1:NqS+K+UXKje0FUYUPosyQ+XTVvjmVjps1aEZH1sumIk=
github.com/jfreymuth/oggvorbis v1.0.5 h1:u+Ck+R0eLSRhgq8WTmffYnrVtSztJcYrl588DM4e3kQ=
github.com/jfreymuth/oggvorbis v1.0.5/go.mod h1:1U4pqWmghcoVsCJJ4fRBKv9peUJMBHixthRlBeD6uII=
github.com/jfreymuth/vorbis v1.0.0 h1:SmDf783s82lIjGZi8EGUUaS7YxPHgRj4ZXW/h7rUi7U=
github.com/jfreymuth/vorbis v1.0.0/go.mod h1:8zy3lUAm9K/rJJk223RKy6vjCZTWC61NA2QD06bfOE0=
github.com/jfreymuth/vorbis v1.0.2 h1:m1xH6+ZI4thH927pgKD8JOH4eaGRm18rEE9/0WKjvNE=
github.com/jfreymuth/vorbis v1.0.2/go.mod h1:DoftRo4AznKnShRl1GxiTFCseHr4zR9BN3TWXyuzrqQ=
github.com/lucasb-eyer/go-colorful v1.0.2/go.mod h1:0MS4r+7BZKSJ5mw4/S5MPN+qHFF1fYclkSPilDOKW0s=
github.com/mattn/go-runewidth v0.0.4/go.mod h1:LwmH8dsx7+W8Uxz3IHJYH5QSwggIsqBzpuz5H//U1FU=
github.com/mewkiz/flac v1.0.7/go.mod h1:yU74UH277dBUpqxPouHSQIar3G1X/QIclVbFahSd1pU=
github.com/mewkiz/pkg v0.0.0-20190919212034-518ade7978e2/go.mod h1:3E2FUC/qYUfM8+r9zAwpeHJzqRVVMIYnpzD/clwWxyA=
github.com/pkg/errors v0.8.1/go.mod h1:bwawxfHBFNV+L2hUp1rHADufV3IMtnDRdf1r5NINEl0=
github.com/pkg/errors v0.9.1 h1:FEBLx1zS214owpjy7qsBeixbURkuhQAwrK5UwLGTwt4=
github.com/pkg/errors v0.9.1/go.mod h1:bwawxfHBFNV+L2hUp1rHADufV3IMtnDRdf1r5NINEl0=
github.com/pmezard/go-difflib v1.0.0 h1:4DBwDE0NGyQoBHbLQYPwSUPoCMWR5BEzIk/f1lZbAQM=
github.com/pmezard/go-difflib v1.0.0/go.mod h1:iKH77koFhYxTK1pcRnkKkqfTogsbg7gZNVY4sRDYZ/4=
github.com/salviati/go-tmx v0.0.0-20180901011116-8dae25beffeb h1:xnT9hS4WTIDoD5dKlbDpBANISLHbW4JCEp4C5Mb4RLY=
github.com/salviati/go-tmx v0.0.0-20180901011116-8dae25beffeb/go.mod h1:MHMSHqNIP7nhf3dSczdtzy/1mKyYaQP7sHbXwmXvvaA=
github.com/stretchr/objx v0.1.0/go.mod h1:HFkY916IF+rwdDfMAkV7OtwuqBVzrE8GR6GFx+wExME=
github.com/stretchr/testify v1.3.0 h1:TivCn/peBQ7UY8ooIcPgZFpTNSz0Q2U6UrFlUfqbe0Q=
github.com/stretchr/testify v1.3.0/go.mod h1:M5WIy9Dh21IEIfnGCwXGc5bZfKNJtfHm1UVUgZn+9EI=
github.com/yuin/goldmark v1.4.13/go.mod h1:6yULJ656Px+3vBD8DxQVa3kxgyrAnzto9xy5taEt/CY=
golang.org/x/crypto v0.0.0-20190308221718-c2843e01d9a2/go.mod h1:djNgcEr1/C05ACkg1iLfiJU5Ep61QUkGW8qpdssI0+w=
golang.org/x/crypto v0.0.0-20210921155107-089bfa567519/go.mod h1:GvvjBRRGRdwPK5ydBHafDWAxML/pGHZbMvKqRZ5+Abc=
golang.org/x/exp v0.0.0-20190306152737-a1d7652674e8 h1:idBdZTd9UioThJp8KpM/rTSinK/ChZFBE43/WtIy8zg=
golang.org/x/exp v0.0.0-20190306152737-a1d7652674e8/go.mod h1:CJ0aWSM057203Lf6IL+f9T1iT9GByDxfZKAQTCR3kQA=
golang.org/x/exp/shiny v0.0.0-20231006140011-7918f672742d h1:grE48C8cjIY0aiHVmFyYgYxxSARQWBABLXKZfQPrBhY=
golang.org/x/exp/shiny v0.0.0-20231006140011-7918f672742d/go.mod h1:UH99kUObWAZkDnWqppdQe5ZhPYESUw8I0zVV1uWBR+0=
golang.org/x/exp/shiny v0.0.0-20231108232855-2478ac86f678 h1:nDuntdpRJsxpHuFwQ/TTrOkfIwx+TEDnolEyUNVL/60=
golang.org/x/exp/shiny v0.0.0-20231108232855-2478ac86f678/go.mod h1:UH99kUObWAZkDnWqppdQe5ZhPYESUw8I0zVV1uWBR+0=
golang.org/x/exp/shiny v0.0.0-20231110203233-9a3e6036ecaa h1:9AiXA/XkU9MpMQpJQ71TkQDEnWbOdpZfbQkqR+GsseU=
golang.org/x/exp/shiny v0.0.0-20231110203233-9a3e6036ecaa/go.mod h1:UH99kUObWAZkDnWqppdQe5ZhPYESUw8I0zVV1uWBR+0=
golang.org/x/exp/shiny v0.0.0-20231206192017-f3f8817b8deb h1:t3SA1mKG2eyhChDjOL0n0VLKZQmqU4J8UlCoQ0+nqSk=
golang.org/x/exp/shiny v0.0.0-20231206192017-f3f8817b8deb/go.mod h1:UH99kUObWAZkDnWqppdQe5ZhPYESUw8I0zVV1uWBR+0=
golang.org/x/exp/shiny v0.0.0-20231214170342-aacd6d4b4611 h1:4KULGL0aJvCqUs5c7fA/eWELbK2rVfV9wpZTWW1Qs/I=
golang.org/x/exp/shiny v0.0.0-20231214170342-aacd6d4b4611/go.mod h1:UH99kUObWAZkDnWqppdQe5ZhPYESUw8I0zVV1uWBR+0=
golang.org/x/exp/shiny v0.0.0-20231219180239-dc181d75b848 h1:LnDWUUS+bxOesHc+QBvFFmS4v0ZH+Vtg0EncMANwN9Q=
golang.org/x/exp/shiny v0.0.0-20231219180239-dc181d75b848/go.mod h1:UH99kUObWAZkDnWqppdQe5ZhPYESUw8I0zVV1uWBR+0=
golang.org/x/exp/shiny v0.0.0-20231226003508-02704c960a9b h1:jLOAaILR15uYdT/zHInanazOnfioz2G04PvKNqCrRvU=
golang.org/x/exp/shiny v0.0.0-20231226003508-02704c960a9b/go.mod h1:3F+MieQB7dRYLTmnncoFbb1crS5lfQoTfDgQy6K4N0o=
golang.org/x/exp/shiny v0.0.0-20240112132812-db7319d0e0e3 h1:NezsOJwoBjJ5AXH5QQCdxe+WsqLw+f/t8eo1Tacfhqs=
golang.org/x/exp/shiny v0.0.0-20240112132812-db7319d0e0e3/go.mod h1:3F+MieQB7dRYLTmnncoFbb1crS5lfQoTfDgQy6K4N0o=
golang.org/x/image v0.0.0-20190220214146-31aff87c08e9/go.mod h1:kZ7UVZpmo3dzQBMxlp+ypCbDeSB+sBbTgSJuh5dn5js=
golang.org/x/image v0.0.0-20190227222117-0694c2d4d067/go.mod h1:kZ7UVZpmo3dzQBMxlp+ypCbDeSB+sBbTgSJuh5dn5js=
golang.org/x/image v0.0.0-20190321063152-3fc05d484e9f/go.mod h1:kZ7UVZpmo3dzQBMxlp+ypCbDeSB+sBbTgSJuh5dn5js=
golang.org/x/image v0.0.0-20190523035834-f03afa92d3ff/go.mod h1:kZ7UVZpmo3dzQBMxlp+ypCbDeSB+sBbTgSJuh5dn5js=
golang.org/x/image v0.0.0-20220321031419-a8550c1d254a/go.mod h1:023OzeP/+EPmXeapQh35lcL3II3LrY8Ic+EFFKVhULM=
golang.org/x/image v0.12.0 h1:w13vZbU4o5rKOFFR8y7M+c4A5jXDC0uXTdHYRP8X2DQ=
golang.org/x/image v0.12.0/go.mod h1:Lu90jvHG7GfemOIcldsh9A2hS01ocl6oNO7ype5mEnk=
golang.org/x/image v0.13.0 h1:3cge/F/QTkNLauhf2QoE9zp+7sr+ZcL4HnoZmdwg9sg=
golang.org/x/image v0.13.0/go.mod h1:6mmbMOeV28HuMTgA6OSRkdXKYw/t5W9Uwn2Yv1r3Yxk=
golang.org/x/image v0.14.0 h1:tNgSxAFe3jC4uYqvZdTr84SZoM1KfwdC9SKIFrLjFn4=
golang.org/x/image v0.14.0/go.mod h1:HUYqC05R2ZcZ3ejNQsIHQDQiwWM4JBqmm6MKANTp4LE=
golang.org/x/image v0.15.0 h1:kOELfmgrmJlw4Cdb7g/QGuB3CvDrXbqEIww/pNtNBm8=
golang.org/x/image v0.15.0/go.mod h1:HUYqC05R2ZcZ3ejNQsIHQDQiwWM4JBqmm6MKANTp4LE=
golang.org/x/mobile v0.0.0-20190415191353-3e0bab5405d6 h1:vyLBGJPIl9ZYbcQFM2USFmJBK6KI+t+z6jL0lbwjrnc=
golang.org/x/mobile v0.0.0-20190415191353-3e0bab5405d6/go.mod h1:E/iHnbuqvinMTCcRqshq8CkpyQDoeVncDDYHnLhea+o=
golang.org/x/mobile v0.0.0-20231006135142-2b44d11868fe h1:lrXv4yHeD9FA8PSJATWowP1QvexpyAPWmPia+Kbzql8=
golang.org/x/mobile v0.0.0-20231006135142-2b44d11868fe/go.mod h1:BrnXpEObnFxpaT75Jo9hsCazwOWcp7nVIa8NNuH5cuA=
golang.org/x/mobile v0.0.0-20231108233038-35478a0c49da h1:gS9sVMAeHM+gVBmM9bTM6vUi/NHv58O3QzJ3vjjN84M=
golang.org/x/mobile v0.0.0-20231108233038-35478a0c49da/go.mod h1:IEceR0jfVklLJXrbUe90rfdAFAYDW0SQwKl4qvO1GBQ=
golang.org/x/mobile v0.0.0-20231127183840-76ac6878050a h1:sYbmY3FwUWCBTodZL1S3JUuOvaW6kM2o+clDzzDNBWg=
golang.org/x/mobile v0.0.0-20231127183840-76ac6878050a/go.mod h1:Ede7gF0KGoHlj822RtphAHK1jLdrcuRBZg0sF1Q+SPc=
golang.org/x/mobile v0.0.0-20240112133503-c713f31d574b h1:kfWLZgb8iUBHdE9WydD5V5dHIS/F6HjlBZNyJfn2bs4=
golang.org/x/mobile v0.0.0-20240112133503-c713f31d574b/go.mod h1:4efzQnuA1nICq6h4kmZRMGzbPiP06lZvgADUu1VpJCE=
golang.org/x/mod v0.6.0-dev.0.20220419223038-86c51ed26bb4/go.mod h1:jJ57K6gSWd91VN4djpZkiMVwK6gcyfeH4XE8wZrZaV4=
golang.org/x/mod v0.8.0/go.mod h1:iBbtSCu2XBx23ZKBPSOrRkjjQPZFPuis4dIYUhu/chs=
golang.org/x/net v0.0.0-20190213061140-3a22650c66bd/go.mod h1:mL1N/T3taQHkDXs73rZJwtUhF3w3ftmwwsq0BUmARs4=
golang.org/x/net v0.0.0-20190620200207-3b0461eec859/go.mod h1:z5CRVTTTmAJ677TzLLGU+0bjPO0LkuOLi4/5GtJWs/s=
golang.org/x/net v0.0.0-20210226172049-e18ecbb05110/go.mod h1:m0MpNAwzfU5UDzcl9v0D8zg8gWTRqZa9RBIspLL5mdg=
golang.org/x/net v0.0.0-20220722155237-a158d28d115b/go.mod h1:XRhObCWvk6IyKnWLug+ECip1KBveYUHfp+8e9klMJ9c=
golang.org/x/net v0.6.0/go.mod h1:2Tu9+aMcznHK/AK1HMvgo6xiTLG5rD5rZLDS+rp2Bjs=
golang.org/x/sync v0.0.0-20190423024810-112230192c58/go.mod h1:RxMgew5VJxzue5/jJTE5uejpjVlOe/izrB70Jof72aM=
golang.org/x/sync v0.0.0-20220722155255-886fb9371eb4/go.mod h1:RxMgew5VJxzue5/jJTE5uejpjVlOe/izrB70Jof72aM=
golang.org/x/sync v0.1.0/go.mod h1:RxMgew5VJxzue5/jJTE5uejpjVlOe/izrB70Jof72aM=
golang.org/x/sys v0.0.0-20190215142949-d0b11bdaac8a/go.mod h1:STP8DvDyc/dI5b8T5hshtkjS+E42TnysNCUPdjciGhY=
golang.org/x/sys v0.0.0-20190312061237-fead79001313/go.mod h1:h1NjWce9XRLGQEsW7wpKNCjG9DtNlClVuFLEZdDNbEs=
golang.org/x/sys v0.0.0-20190429190828-d89cdac9e872/go.mod h1:h1NjWce9XRLGQEsW7wpKNCjG9DtNlClVuFLEZdDNbEs=
golang.org/x/sys v0.0.0-20190626150813-e07cf5db2756/go.mod h1:h1NjWce9XRLGQEsW7wpKNCjG9DtNlClVuFLEZdDNbEs=
golang.org/x/sys v0.0.0-20201119102817-f84b799fce68/go.mod h1:h1NjWce9XRLGQEsW7wpKNCjG9DtNlClVuFLEZdDNbEs=
golang.org/x/sys v0.0.0-20210615035016-665e8c7367d1/go.mod h1:oPkhp1MJrh7nUepCBck5+mAzfO9JrbApNNgaTdGDITg=
golang.org/x/sys v0.0.0-20220520151302-bc2c85ada10a/go.mod h1:oPkhp1MJrh7nUepCBck5+mAzfO9JrbApNNgaTdGDITg=
golang.org/x/sys v0.0.0-20220712014510-0a85c31ab51e/go.mod h1:oPkhp1MJrh7nUepCBck5+mAzfO9JrbApNNgaTdGDITg=
golang.org/x/sys v0.0.0-20220722155257-8c9f86f7a55f/go.mod h1:oPkhp1MJrh7nUepCBck5+mAzfO9JrbApNNgaTdGDITg=
golang.org/x/sys v0.5.0 h1:MUK/U/4lj1t1oPg0HfuXDN/Z1wv31ZJ/YcPiGccS4DU=
golang.org/x/sys v0.5.0/go.mod h1:oPkhp1MJrh7nUepCBck5+mAzfO9JrbApNNgaTdGDITg=
golang.org/x/sys v0.13.0 h1:Af8nKPmuFypiUBjVoU9V20FiaFXOcuZI21p0ycVYYGE=
golang.org/x/sys v0.13.0/go.mod h1:oPkhp1MJrh7nUepCBck5+mAzfO9JrbApNNgaTdGDITg=
golang.org/x/sys v0.14.0 h1:Vz7Qs629MkJkGyHxUlRHizWJRG2j8fbQKjELVSNhy7Q=
golang.org/x/sys v0.14.0/go.mod h1:/VUhepiaJMQUp4+oa/7Zr1D23ma6VTLIYjOOTFZPUcA=
golang.org/x/sys v0.15.0 h1:h48lPFYpsTvQJZF4EKyI4aLHaev3CxivZmv7yZig9pc=
golang.org/x/sys v0.15.0/go.mod h1:/VUhepiaJMQUp4+oa/7Zr1D23ma6VTLIYjOOTFZPUcA=
golang.org/x/sys v0.16.0 h1:xWw16ngr6ZMtmxDyKyIgsE93KNKz5HKmMa3b8ALHidU=
golang.org/x/sys v0.16.0/go.mod h1:/VUhepiaJMQUp4+oa/7Zr1D23ma6VTLIYjOOTFZPUcA=
golang.org/x/term v0.0.0-20201126162022-7de9c90e9dd1/go.mod h1:bj7SfCRtBDWHUb9snDiAeCFNEtKQo2Wmx5Cou7ajbmo=
golang.org/x/term v0.0.0-20210927222741-03fcf44c2211/go.mod h1:jbD1KX2456YbFQfuXm/mYQcufACuNUgVhRMnK/tPxf8=
golang.org/x/term v0.5.0/go.mod h1:jMB1sMXY+tzblOD4FWmEbocvup2/aLOaQEp7JmGp78k=
golang.org/x/text v0.3.0/go.mod h1:NqM8EUOU14njkJ3fqMW+pc6Ldnwhi/IjpwHt7yyuwOQ=
golang.org/x/text v0.3.3/go.mod h1:5Zoc/QRtKVWzQhOtBMvqHzDpF6irO9z98xDceosuGiQ=
golang.org/x/text v0.3.6/go.mod h1:5Zoc/QRtKVWzQhOtBMvqHzDpF6irO9z98xDceosuGiQ=
golang.org/x/text v0.3.7/go.mod h1:u+2+/6zg+i71rQMx5EYifcz6MCKuco9NR6JIITiCfzQ=
golang.org/x/text v0.7.0/go.mod h1:mrYo+phRRbMaCq/xk9113O4dZlRixOauAjOtrjsXDZ8=
golang.org/x/text v0.13.0/go.mod h1:TvPlkZtksWOMsz7fbANvkp4WM8x/WCo/om8BMLbz+aE=
golang.org/x/tools v0.0.0-20180917221912-90fa682c2a6e/go.mod h1:n7NCudcB/nEzxVGmLbDWY5pfWTLqBcC2KZ6jyYvM4mQ=
golang.org/x/tools v0.0.0-20191119224855-298f0cb1881e/go.mod h1:b+2E5dAYhXwXZwtnZ6UAqBI28+e2cm9otk0dWdXHAEo=
golang.org/x/tools v0.1.12/go.mod h1:hNGJHUnrk76NpqgfD5Aqm5Crs+Hm0VOH/i9J2+nxYbc=
golang.org/x/tools v0.6.0/go.mod h1:Xwgl3UAJ/d3gWutnCtw505GrjyAbvKui8lOU390QaIU=
golang.org/x/xerrors v0.0.0-20190717185122-a985d3407aa7/go.mod h1:I/5z698sn9Ka8TeJc9MKroUUfqBBauWjQqLJ2OPfmY0=
